schema: '2.0'
stages:
  data_ingestion:
    cmd: python3 src/data/data_ingestion.py
    deps:
    - path: src/common/utils.py
      hash: md5
      md5: b75cda669fd9b2f73caf5269348aee0e
      size: 1843
      isexec: true
    - path: src/data/data_ingestion.py
      hash: md5
      md5: 232bc0f5fba3f46dd1d5edad212a0008
      size: 1229
      isexec: true
    params:
      params.yaml:
        data_ingestion.test_size: 0.3
    outs:
    - path: data/interim
      hash: md5
      md5: 7f10d83d48d37b42272d395d99408e6f.dir
      size: 56139
      nfiles: 2
    - path: data/raw
      hash: md5
      md5: 1ef62945e5fffb92afab6d48fb65c23f.dir
      size: 56020
      nfiles: 1
