schema: '2.0'
stages:
  data_ingestion:
    cmd: python3 src/data/data_ingestion.py
    deps:
    - path: src/common/utils.py
      hash: md5
      md5: ecc453d1ebb175fa41cbf520c748313f
      size: 4890
      isexec: true
    - path: src/data/data_ingestion.py
      hash: md5
      md5: 232bc0f5fba3f46dd1d5edad212a0008
      size: 1229
      isexec: true
    params:
      params.yaml:
        data_ingestion.test_size: 0.2
    outs:
    - path: data/interim
      hash: md5
      md5: e6b0eaef026cdfab51044950699809cb.dir
      size: 56139
      nfiles: 2
    - path: data/raw
      hash: md5
      md5: 1ef62945e5fffb92afab6d48fb65c23f.dir
      size: 56020
      nfiles: 1
  data_transformation:
    cmd: python3 src/transformation/data_transformation.py
    deps:
    - path: data/interim
      hash: md5
      md5: e6b0eaef026cdfab51044950699809cb.dir
      size: 56139
      nfiles: 2
    - path: src/common/utils.py
      hash: md5
      md5: ecc453d1ebb175fa41cbf520c748313f
      size: 4890
      isexec: true
    - path: src/transformation/data_transformation.py
      hash: md5
      md5: 1ffd234f989518d371698e256a64f2d8
      size: 4147
      isexec: true
    outs:
    - path: data/processed
      hash: md5
      md5: ddf73e5ce07b3e2037add18e9c957ffc.dir
      size: 166420
      nfiles: 3
  train_model:
    cmd: python3 src/models/train_model.py
    deps:
    - path: data/processed
      hash: md5
      md5: ddf73e5ce07b3e2037add18e9c957ffc.dir
      size: 166420
      nfiles: 3
    - path: src/common/utils.py
      hash: md5
      md5: ecc453d1ebb175fa41cbf520c748313f
      size: 4890
      isexec: true
    - path: src/models/train_model.py
      hash: md5
      md5: c630584dce5e3e0015e69e288678bbfa
      size: 3721
      isexec: true
    params:
      params.yaml:
        model_tuning.models:
          Random Forest:
            criterion:
            - squared_error
            - friedman_mse
            - absolute_error
            - poisson
            max_features:
            - sqrt
            - log2
            - None
            n_estimators':
            - 8
            - 16
            - 32
            - 64
            - 128
            - 256
            n_jobs:
            - -1
          Decision Tree:
            criterion:
            - squared_error
            - friedman_mse
            - absolute_error
            - poisson
            splitter:
            - best
            - random
            max_features:
            - sqrt
            - log2
          Gradient Boosting:
            loss:
            - squared_error
            - huber
            - absolute_error
            subsample:
            - 0.6
            - 0.7
            - 0.75
            criterion:
            - squared_error
            - friedman_mse
            max_features:
            - sqrt
            - log2
            n_estimators:
            - 8
            - 16
            - 64
            - 128
          Ridge:
            alpha:
            - 1
            - 5
            - 10
            - 20
            - 30
            - 35
            - 40
            - 45
            - 50
            - 55
            - 100
            solver:
            - auto
            - svd
            - cholesky
            - lsqr
            - sparse_cg
            - sag
            - saga
          KNN Regressor:
          XGB Regressor:
            learning_rate:
            - 0.1
            - 0.01
            - 0.05
            - 0.001
            n_estimators:
            - 8
            - 16
            - 32
            - 64
            - 128
            - 256
          CatBoosting Regressor:
            depth:
            - 6
            - 8
            - 10
            learning_rate:
            - 0.01
            - 0.05
            - 0.1
            iterations:
            - 30
            - 50
            - 100
          AdaBoost Regressor:
            learning_rate:
            - 0.1
            - 0.01
            - 0.5
            - 0.001
            loss:
            - linear
            - square
            - exponential
            n_estimators:
            - 8
            - 16
            - 32
            - 64
            - 128
            - 256
    outs:
    - path: data/models
      hash: md5
      md5: 915aa765d8c872586ee23349ec907984.dir
      size: 878
      nfiles: 1
  model_registration:
    cmd: python3 src/models/register_model.py
    deps:
    - path: data/models
      hash: md5
      md5: 915aa765d8c872586ee23349ec907984.dir
      size: 878
      nfiles: 1
    - path: reports/experiment_info.json
      hash: md5
      md5: 93ebf08e8b78c69b5014ac0d984b5e56
      size: 112
      isexec: true
    - path: src/models/register_model.py
      hash: md5
      md5: 84af95e1ccfa72247f37c45af9335304
      size: 1867
      isexec: true
